
Microsoft Visual Studio Solution File, Format Version 12.00
# Visual Studio Version 17
VisualStudioVersion = 17.10.35027.167
MinimumVisualStudioVersion = 10.0.40219.1
Project("{FAE04EC0-301F-11D3-BF4B-00C04F79EFBC}") = "OrangeCoreApiTasks", "OrangeCoreApiTasks.csproj", "{E967825A-24C8-495A-85AC-5348C2DC2DD3}"
EndProject
Global
	GlobalSection(SolutionConfigurationPlatforms) = preSolution
		Debug|Any CPU = Debug|Any CPU
		Release|Any CPU = Release|Any CPU
	EndGlobalSection
	GlobalSection(ProjectConfigurationPlatforms) = postSolution
		{E967825A-24C8-495A-85AC-5348C2DC2DD3}.Debug|Any CPU.ActiveCfg = Debug|Any CPU
		{E967825A-24C8-495A-85AC-5348C2DC2DD3}.Debug|Any CPU.Build.0 = Debug|Any CPU
		{E967825A-24C8-495A-85AC-5348C2DC2DD3}.Release|Any CPU.ActiveCfg = Release|Any CPU
		{E967825A-24C8-495A-85AC-5348C2DC2DD3}.Release|Any CPU.Build.0 = Release|Any CPU
	EndGlobalSection
	GlobalSection(SolutionProperties) = preSolution
		HideSolutionNode = FALSE
	EndGlobalSection
	GlobalSection(ExtensibilityGlobals) = postSolution
		SolutionGuid = {240653E8-C942-4DB3-B148-B8294FF40763}
	EndGlobalSection
EndGlobal
